{
  "name": "client",
  "version": "1.0.0",
  "lockfileVersion": 2,
  "requires": true,
  "packages": {
    "": {
      "name": "client",
      "version": "1.0.0",
      "license": "ISC",
      "dependencies": {
        "json-rpc-2.0": "^1.4.1"
      }
    },
    "node_modules/json-rpc-2.0": {
      "version": "1.4.1",
      "resolved": "https://registry.npmjs.org/json-rpc-2.0/-/json-rpc-2.0-1.4.1.tgz",
      "integrity": "sha512-OX1NJhpIfuK4GjDnJ/gKtZy1HOYo0l4eL0a4rb0rNeQheX1xlyQ9+JMmPzs/sFNthpS/TXKPWlGo09X7B5l81A=="
    }
  },
  "dependencies": {
    "json-rpc-2.0": {
      "version": "1.4.1",
      "resolved": "https://registry.npmjs.org/json-rpc-2.0/-/json-rpc-2.0-1.4.1.tgz",
      "integrity": "sha512-OX1NJhpIfuK4GjDnJ/gKtZy1HOYo0l4eL0a4rb0rNeQheX1xlyQ9+JMmPzs/sFNthpS/TXKPWlGo09X7B5l81A=="
    }
  }
}
